
Microsoft Visual Studio Solution File, Format Version 12.00
Project("{FAE04EC0-301F-11D3-BF4B-00C04F79EFBC}") = "Bank", "Bank\Bank.csproj", "{10E5CF6C-B6AD-4C73-ACC5-EADFB92C9D62}"
EndProject
Global
	GlobalSection(SolutionConfigurationPlatforms) = preSolution
		Debug|Any CPU = Debug|Any CPU
		Release|Any CPU = Release|Any CPU
	EndGlobalSection
	GlobalSection(ProjectConfigurationPlatforms) = postSolution
		{10E5CF6C-B6AD-4C73-ACC5-EADFB92C9D62}.Debug|Any CPU.ActiveCfg = Debug|Any CPU
		{10E5CF6C-B6AD-4C73-ACC5-EADFB92C9D62}.Debug|Any CPU.Build.0 = Debug|Any CPU
		{10E5CF6C-B6AD-4C73-ACC5-EADFB92C9D62}.Release|Any CPU.ActiveCfg = Release|Any CPU
		{10E5CF6C-B6AD-4C73-ACC5-EADFB92C9D62}.Release|Any CPU.Build.0 = Release|Any CPU
	EndGlobalSection
EndGlobal
